// !$*UTF8*$!
{
	archiveVersion = 1;
	classes = {
	};
	objectVersion = 48;
	objects = {

/* Begin PBXBuildFile section */
		F7D46C011FA6129F007394E0 /* AppDelegate.swift in Sources */ = {isa = PBXBuildFile; fileRef = F7D46C001FA6129F007394E0 /* AppDelegate.swift */; };
		F7D46C031FA6129F007394E0 /* Scene.sks in Resources */ = {isa = PBXBuildFile; fileRef = F7D46C021FA6129F007394E0 /* Scene.sks */; };
		F7D46C051FA6129F007394E0 /* Scene.swift in Sources */ = {isa = PBXBuildFile; fileRef = F7D46C041FA6129F007394E0 /* Scene.swift */; };
		F7D46C071FA6129F007394E0 /* ViewController.swift in Sources */ = {isa = PBXBuildFile; fileRef = F7D46C061FA6129F007394E0 /* ViewController.swift */; };
		F7D46C0A1FA6129F007394E0 /* Main.storyboard in Resources */ = {isa = PBXBuildFile; fileRef = F7D46C081FA6129F007394E0 /* Main.storyboard */; };
		F7D46C0C1FA6129F007394E0 /* Assets.xcassets in Resources */ = {isa = PBXBuildFile; fileRef = F7D46C0B1FA6129F007394E0 /* Assets.xcassets */; };
		F7D46C0F1FA6129F007394E0 /* LaunchScreen.storyboard in Resources */ = {isa = PBXBuildFile; fileRef = F7D46C0D1FA6129F007394E0 /* LaunchScreen.storyboard */; };
/* End PBXBuildFile section */

/* Begin PBXFileReference section */
		F7D46BFD1FA6129F007394E0 /* AlpakAR.app */ = {isa = PBXFileReference; explicitFileType = wrapper.application; includeInIndex = 0; path = AlpakAR.app; sourceTree = BUILT_PRODUCTS_DIR; };
		F7D46C001FA6129F007394E0 /* AppDelegate.swift */ = {isa = PBXFileReference; lastKnownFileType = sourcecode.swift; path = AppDelegate.swift; sourceTree = "<group>"; };
		F7D46C021FA6129F007394E0 /* Scene.sks */ = {isa = PBXFileReference; lastKnownFileType = file.sks; path = Scene.sks; sourceTree = "<group>"; };
		F7D46C041FA6129F007394E0 /* Scene.swift */ = {isa = PBXFileReference; lastKnownFileType = sourcecode.swift; path = Scene.swift; sourceTree = "<group>"; };
		F7D46C061FA6129F007394E0 /* ViewController.swift */ = {isa = PBXFileReference; lastKnownFileType = sourcecode.swift; path = ViewController.swift; sourceTree = "<group>"; };
		F7D46C091FA6129F007394E0 /* Base */ = {isa = PBXFileReference; lastKnownFileType = file.storyboard; name = Base; path = Base.lproj/Main.storyboard; sourceTree = "<group>"; };
		F7D46C0B1FA6129F007394E0 /* Assets.xcassets */ = {isa = PBXFileReference; lastKnownFileType = folder.assetcatalog; path = Assets.xcassets; sourceTree = "<group>"; };
		F7D46C0E1FA6129F007394E0 /* Base */ = {isa = PBXFileReference; lastKnownFileType = file.storyboard; name = Base; path = Base.lproj/LaunchScreen.storyboard; sourceTree = "<group>"; };
		F7D46C101FA6129F007394E0 /* Info.plist */ = {isa = PBXFileReference; lastKnownFileType = text.plist.xml; path = Info.plist; sourceTree = "<group>"; };
/* End PBXFileReference section */

/* Begin PBXFrameworksBuildPhase section */
		F7D46BFA1FA6129F007394E0 /* Frameworks */ = {
			isa = PBXFrameworksBuildPhase;
			buildActionMask = 2147483647;
			files = (
			);
			runOnlyForDeploymentPostprocessing = 0;
		};
/* End PBXFrameworksBuildPhase section */

/* Begin PBXGroup section */
		F7D46BF41FA6129E007394E0 = {
			isa = PBXGroup;
			children = (
				F7D46BFF1FA6129F007394E0 /* AlpakAR */,
				F7D46BFE1FA6129F007394E0 /* Products */,
			);
			sourceTree = "<group>";
		};
		F7D46BFE1FA6129F007394E0 /* Products */ = {
			isa = PBXGroup;
			children = (
				F7D46BFD1FA6129F007394E0 /* AlpakAR.app */,
			);
			name = Products;
			sourceTree = "<group>";
		};
		F7D46BFF1FA6129F007394E0 /* AlpakAR */ = {
			isa = PBXGroup;
			children = (
				F7D46C001FA6129F007394E0 /* AppDelegate.swift */,
				F7D46C021FA6129F007394E0 /* Scene.sks */,
				F7D46C041FA6129F007394E0 /* Scene.swift */,
				F7D46C061FA6129F007394E0 /* ViewController.swift */,
				F7D46C081FA6129F007394E0 /* Main.storyboard */,
				F7D46C0B1FA6129F007394E0 /* Assets.xcassets */,
				F7D46C0D1FA6129F007394E0 /* LaunchScreen.storyboard */,
				F7D46C101FA6129F007394E0 /* Info.plist */,
			);
			path = AlpakAR;
			sourceTree = "<group>";
		};
/* End PBXGroup section */

/* Begin PBXNativeTarget section */
		F7D46BFC1FA6129F007394E0 /* AlpakAR */ = {
			isa = PBXNativeTarget;
			buildConfigurationList = F7D46C131FA6129F007394E0 /* Build configuration list for PBXNativeTarget "AlpakAR" */;
			buildPhases = (
				F7D46BF91FA6129F007394E0 /* Sources */,
				F7D46BFA1FA6129F007394E0 /* Frameworks */,
				F7D46BFB1FA6129F007394E0 /* Resources */,
			);
			buildRules = (
			);
			dependencies = (
			);
			name = AlpakAR;
			productName = AlpakAR;
			productReference = F7D46BFD1FA6129F007394E0 /* AlpakAR.app */;
			productType = "com.apple.product-type.application";
		};
/* End PBXNativeTarget section */

/* Begin PBXProject section */
		F7D46BF51FA6129E007394E0 /* Project object */ = {
			isa = PBXProject;
			attributes = {
				LastSwiftUpdateCheck = 0910;
				LastUpgradeCheck = 0910;
				ORGANIZATIONNAME = "Jugend Hackt";
				TargetAttributes = {
					F7D46BFC1FA6129F007394E0 = {
						CreatedOnToolsVersion = 9.1;
						ProvisioningStyle = Automatic;
					};
				};
			};
			buildConfigurationList = F7D46BF81FA6129E007394E0 /* Build configuration list for PBXProject "AlpakAR" */;
			compatibilityVersion = "Xcode 8.0";
			developmentRegion = en;
			hasScannedForEncodings = 0;
			knownRegions = (
				en,
				Base,
			);
			mainGroup = F7D46BF41FA6129E007394E0;
			productRefGroup = F7D46BFE1FA6129F007394E0 /* Products */;
			projectDirPath = "";
			projectRoot = "";
			targets = (
				F7D46BFC1FA6129F007394E0 /* AlpakAR */,
			);
		};
/* End PBXProject section */

/* Begin PBXResourcesBuildPhase section */
		F7D46BFB1FA6129F007394E0 /* Resources */ = {
			isa = PBXResourcesBuildPhase;
			buildActionMask = 2147483647;
			files = (
				F7D46C031FA6129F007394E0 /* Scene.sks in Resources */,
				F7D46C0F1FA6129F007394E0 /* LaunchScreen.storyboard in Resources */,
				F7D46C0C1FA6129F007394E0 /* Assets.xcassets in Resources */,
				F7D46C0A1FA6129F007394E0 /* Main.storyboard in Resources */,
			);
			runOnlyForDeploymentPostprocessing = 0;
		};
/* End PBXResourcesBuildPhase section */

/* Begin PBXSourcesBuildPhase section */
		F7D46BF91FA6129F007394E0 /* Sources */ = {
			isa = PBXSourcesBuildPhase;
			buildActionMask = 2147483647;
			files = (
				F7D46C071FA6129F007394E0 /* ViewController.swift in Sources */,
				F7D46C051FA6129F007394E0 /* Scene.swift in Sources */,
				F7D46C011FA6129F007394E0 /* AppDelegate.swift in Sources */,
			);
			runOnlyForDeploymentPostprocessing = 0;
		};
/* End PBXSourcesBuildPhase section */

/* Begin PBXVariantGroup section */
		F7D46C081FA6129F007394E0 /* Main.storyboard */ = {
			isa = PBXVariantGroup;
			children = (
				F7D46C091FA6129F007394E0 /* Base */,
			);
			name = Main.storyboard;
			sourceTree = "<group>";
		};
		F7D46C0D1FA6129F007394E0 /* LaunchScreen.storyboard */ = {
			isa = PBXVariantGroup;
			children = (
				F7D46C0E1FA6129F007394E0 /* Base */,
			);
			name = LaunchScreen.storyboard;
			sourceTree = "<group>";
		};
/* End PBXVariantGroup section */

/* Begin XCBuildConfiguration section */
		F7D46C111FA6129F007394E0 /* Debug */ = {
			isa = XCBuildConfiguration;
			buildSettings = {
				ALWAYS_SEARCH_USER_PATHS = NO;
				CLANG_ANALYZER_NONNULL = YES;
				CLANG_ANALYZER_NUMBER_OBJECT_CONVERSION = YES_AGGRESSIVE;
				CLANG_CXX_LANGUAGE_STANDARD = "gnu++14";
				CLANG_CXX_LIBRARY = "libc++";
				CLANG_ENABLE_MODULES = YES;
				CLANG_ENABLE_OBJC_ARC = YES;
				CLANG_WARN_BLOCK_CAPTURE_AUTORELEASING = YES;
				CLANG_WARN_BOOL_CONVERSION = YES;
				CLANG_WARN_COMMA = YES;
				CLANG_WARN_CONSTANT_CONVERSION = YES;
				CLANG_WARN_DIRECT_OBJC_ISA_USAGE = YES_ERROR;
				CLANG_WARN_DOCUMENTATION_COMMENTS = YES;
				CLANG_WARN_EMPTY_BODY = YES;
				CLANG_WARN_ENUM_CONVERSION = YES;
				CLANG_WARN_INFINITE_RECURSION = YES;
				CLANG_WARN_INT_CONVERSION = YES;
				CLANG_WARN_NON_LITERAL_NULL_CONVERSION = YES;
				CLANG_WARN_OBJC_LITERAL_CONVERSION = YES;
				CLANG_WARN_OBJC_ROOT_CLASS = YES_ERROR;
				CLANG_WARN_RANGE_LOOP_ANALYSIS = YES;
				CLANG_WARN_STRICT_PROTOTYPES = YES;
				CLANG_WARN_SUSPICIOUS_MOVE = YES;
				CLANG_WARN_UNGUARDED_AVAILABILITY = YES_AGGRESSIVE;
				CLANG_WARN_UNREACHABLE_CODE = YES;
				CLANG_WARN__DUPLICATE_METHOD_MATCH = YES;
				CODE_SIGN_IDENTITY = "iPhone Developer";
				COPY_PHASE_STRIP = NO;
				DEBUG_INFORMATION_FORMAT = dwarf;
				ENABLE_STRICT_OBJC_MSGSEND = YES;
				ENABLE_TESTABILITY = YES;
				GCC_C_LANGUAGE_STANDARD = gnu11;
				GCC_DYNAMIC_NO_PIC = NO;
				GCC_NO_COMMON_BLOCKS = YES;
				GCC_OPTIMIZATION_LEVEL = 0;
				GCC_PREPROCESSOR_DEFINITIONS = (
					"DEBUG=1",
					"$(inherited)",
				);
				GCC_WARN_64_TO_32_BIT_CONVERSION = YES;
				GCC_WARN_ABOUT_RETURN_TYPE = YES_ERROR;
				GCC_WARN_UNDECLARED_SELECTOR = YES;
				GCC_WARN_UNINITIALIZED_AUTOS = YES_AGGRESSIVE;
				GCC_WARN_UNUSED_FUNCTION = YES;
				GCC_WARN_UNUSED_VARIABLE = YES;
				IPHONEOS_DEPLOYMENT_TARGET = 11.1;
				MTL_ENABLE_DEBUG_INFO = YES;
				ONLY_ACTIVE_ARCH = YES;
				SDKROOT = iphoneos;
				SWIFT_ACTIVE_COMPILATION_CONDITIONS = DEBUG;
				SWIFT_OPTIMIZATION_LEVEL = "-Onone";
			};
			name = Debug;
		};
		F7D46C121FA6129F007394E0 /* Release */ = {
			isa = XCBuildConfiguration;
			buildSettings = {
				ALWAYS_SEARCH_USER_PATHS = NO;
				CLANG_ANALYZER_NONNULL = YES;
				CLANG_ANALYZER_NUMBER_OBJECT_CONVERSION = YES_AGGRESSIVE;
				CLANG_CXX_LANGUAGE_STANDARD = "gnu++14";
				CLANG_CXX_LIBRARY = "libc++";
				CLANG_ENABLE_MODULES = YES;
				CLANG_ENABLE_OBJC_ARC = YES;
				CLANG_WARN_BLOCK_CAPTURE_AUTORELEASING = YES;
				CLANG_WARN_BOOL_CONVERSION = YES;
				CLANG_WARN_COMMA = YES;
				CLANG_WARN_CONSTANT_CONVERSION = YES;
				CLANG_WARN_DIRECT_OBJC_ISA_USAGE = YES_ERROR;
				CLANG_WARN_DOCUMENTATION_COMMENTS = YES;
				CLANG_WARN_EMPTY_BODY = YES;
				CLANG_WARN_ENUM_CONVERSION = YES;
				CLANG_WARN_INFINITE_RECURSION = YES;
				CLANG_WARN_INT_CONVERSION = YES;
				CLANG_WARN_NON_LITERAL_NULL_CONVERSION = YES;
				CLANG_WARN_OBJC_LITERAL_CONVERSION = YES;
				CLANG_WARN_OBJC_ROOT_CLASS = YES_ERROR;
				CLANG_WARN_RANGE_LOOP_ANALYSIS = YES;
				CLANG_WARN_STRICT_PROTOTYPES = YES;
				CLANG_WARN_SUSPICIOUS_MOVE = YES;
				CLANG_WARN_UNGUARDED_AVAILABILITY = YES_AGGRESSIVE;
				CLANG_WARN_UNREACHABLE_CODE = YES;
				CLANG_WARN__DUPLICATE_METHOD_MATCH = YES;
				CODE_SIGN_IDENTITY = "iPhone Developer";
				COPY_PHASE_STRIP = NO;
				DEBUG_INFORMATION_FORMAT = "dwarf-with-dsym";
				ENABLE_NS_ASSERTIONS = NO;
				ENABLE_STRICT_OBJC_MSGSEND = YES;
				GCC_C_LANGUAGE_STANDARD = gnu11;
				GCC_NO_COMMON_BLOCKS = YES;
				GCC_WARN_64_TO_32_BIT_CONVERSION = YES;
				GCC_WARN_ABOUT_RETURN_TYPE = YES_ERROR;
				GCC_WARN_UNDECLARED_SELECTOR = YES;
				GCC_WARN_UNINITIALIZED_AUTOS = YES_AGGRESSIVE;
				GCC_WARN_UNUSED_FUNCTION = YES;
				GCC_WARN_UNUSED_VARIABLE = YES;
				IPHONEOS_DEPLOYMENT_TARGET = 11.1;
				MTL_ENABLE_DEBUG_INFO = NO;
				SDKROOT = iphoneos;
				SWIFT_OPTIMIZATION_LEVEL = "-Owholemodule";
				VALIDATE_PRODUCT = YES;
			};
			name = Release;
		};
		F7D46C141FA6129F007394E0 /* Debug */ = {
			isa = XCBuildConfiguration;
			buildSettings = {
				ASSETCATALOG_COMPILER_APPICON_NAME = AppIcon;
				CODE_SIGN_STYLE = Automatic;
				DEVELOPMENT_TEAM = C5LHHD873E;
				INFOPLIST_FILE = AlpakAR/Info.plist;
				LD_RUNPATH_SEARCH_PATHS = "$(inherited) @executable_path/Frameworks";
				PRODUCT_BUNDLE_IDENTIFIER = JugendHackt.AlpakAR;
				PRODUCT_NAME = "$(TARGET_NAME)";
				SWIFT_VERSION = 4.0;
				TARGETED_DEVICE_FAMILY = "1,2";
			};
			name = Debug;
		};
		F7D46C151FA6129F007394E0 /* Release */ = {
			isa = XCBuildConfiguration;
			buildSettings = {
				ASSETCATALOG_COMPILER_APPICON_NAME = AppIcon;
				CODE_SIGN_STYLE = Automatic;
				DEVELOPMENT_TEAM = C5LHHD873E;
				INFOPLIST_FILE = AlpakAR/Info.plist;
				LD_RUNPATH_SEARCH_PATHS = "$(inherited) @executable_path/Frameworks";
				PRODUCT_BUNDLE_IDENTIFIER = JugendHackt.AlpakAR;
				PRODUCT_NAME = "$(TARGET_NAME)";
				SWIFT_VERSION = 4.0;
				TARGETED_DEVICE_FAMILY = "1,2";
			};
			name = Release;
		};
/* End XCBuildConfiguration section */

/* Begin XCConfigurationList section */
		F7D46BF81FA6129E007394E0 /* Build configuration list for PBXProject "AlpakAR" */ = {
			isa = XCConfigurationList;
			buildConfigurations = (
				F7D46C111FA6129F007394E0 /* Debug */,
				F7D46C121FA6129F007394E0 /* Release */,
			);
			defaultConfigurationIsVisible = 0;
			defaultConfigurationName = Release;
		};
		F7D46C131FA6129F007394E0 /* Build configuration list for PBXNativeTarget "AlpakAR" */ = {
			isa = XCConfigurationList;
			buildConfigurations = (
				F7D46C141FA6129F007394E0 /* Debug */,
				F7D46C151FA6129F007394E0 /* Release */,
			);
			defaultConfigurationIsVisible = 0;
			defaultConfigurationName = Release;
		};
/* End XCConfigurationList section */
	};
	rootObject = F7D46BF51FA6129E007394E0 /* Project object */;
}
